
Microsoft Visual Studio Solution File, Format Version 12.00
# Visual Studio Version 17
VisualStudioVersion = 17.0.31912.275
MinimumVisualStudioVersion = 10.0.40219.1
Project("{FAE04EC0-301F-11D3-BF4B-00C04F79EFBC}") = "CareerGuidance", "CareerGuidance\CareerGuidance.csproj", "{0F6BDD3E-C180-40CE-BD97-5B06CF454AF9}"
EndProject
Global
	GlobalSection(SolutionConfigurationPlatforms) = preSolution
		Debug|Any CPU = Debug|Any CPU
		Release|Any CPU = Release|Any CPU
	EndGlobalSection
	GlobalSection(ProjectConfigurationPlatforms) = postSolution
		{0F6BDD3E-C180-40CE-BD97-5B06CF454AF9}.Debug|Any CPU.ActiveCfg = Debug|Any CPU
		{0F6BDD3E-C180-40CE-BD97-5B06CF454AF9}.Debug|Any CPU.Build.0 = Debug|Any CPU
		{0F6BDD3E-C180-40CE-BD97-5B06CF454AF9}.Release|Any CPU.ActiveCfg = Release|Any CPU
		{0F6BDD3E-C180-40CE-BD97-5B06CF454AF9}.Release|Any CPU.Build.0 = Release|Any CPU
	EndGlobalSection
	GlobalSection(SolutionProperties) = preSolution
		HideSolutionNode = FALSE
	EndGlobalSection
	GlobalSection(ExtensibilityGlobals) = postSolution
		SolutionGuid = {20A8546A-5F70-4E07-9969-697238BCFC20}
	EndGlobalSection
EndGlobal
